
Microsoft Visual Studio Solution File, Format Version 12.00
# Visual Studio Version 17
VisualStudioVersion = 17.4.33205.214
MinimumVisualStudioVersion = 10.0.40219.1
Project("{FAE04EC0-301F-11D3-BF4B-00C04F79EFBC}") = "DataProcessing", "DataProcessing.csproj", "{EBB7168D-F208-41FE-A914-07EFEFB9551C}"
EndProject
Global
	GlobalSection(SolutionConfigurationPlatforms) = preSolution
		Debug|Any CPU = Debug|Any CPU
		Release|Any CPU = Release|Any CPU
	EndGlobalSection
	GlobalSection(ProjectConfigurationPlatforms) = postSolution
		{EBB7168D-F208-41FE-A914-07EFEFB9551C}.Debug|Any CPU.ActiveCfg = Debug|Any CPU
		{EBB7168D-F208-41FE-A914-07EFEFB9551C}.Debug|Any CPU.Build.0 = Debug|Any CPU
		{EBB7168D-F208-41FE-A914-07EFEFB9551C}.Release|Any CPU.ActiveCfg = Release|Any CPU
		{EBB7168D-F208-41FE-A914-07EFEFB9551C}.Release|Any CPU.Build.0 = Release|Any CPU
	EndGlobalSection
	GlobalSection(SolutionProperties) = preSolution
		HideSolutionNode = FALSE
	EndGlobalSection
	GlobalSection(ExtensibilityGlobals) = postSolution
		SolutionGuid = {02B18DF7-6174-4445-9FEC-95CBE773BF10}
	EndGlobalSection
EndGlobal
